
Microsoft Visual Studio Solution File, Format Version 12.00
# Visual Studio Version 17
VisualStudioVersion = 17.14.37111.16
MinimumVisualStudioVersion = 10.0.40219.1
Project("{E53339B2-1760-4266-BCC7-CA923CBCF16C}") = "docker-compose", "docker-compose.dcproj", "{81DDED9D-158B-E303-5F62-77A2896D2A5A}"
EndProject
Project("{2150E333-8FDC-42A3-9474-1A3956D46DE8}") = "k8s", "k8s", "{66859FB6-FFC2-4D4E-889D-FBFD8FDCD5A7}"
	ProjectSection(SolutionItems) = preProject
		k8s\assettracker-api-deployment.yaml = k8s\assettracker-api-deployment.yaml
		k8s\assettracker-api-service.yaml = k8s\assettracker-api-service.yaml
		k8s\assettracker-db-data-persistentvolumeclaim.yaml = k8s\assettracker-db-data-persistentvolumeclaim.yaml
		k8s\assettracker-db-deployment.yaml = k8s\assettracker-db-deployment.yaml
		k8s\assettracker-db-service.yaml = k8s\assettracker-db-service.yaml
	EndProjectSection
EndProject
Project("{2150E333-8FDC-42A3-9474-1A3956D46DE8}") = "src", "src", "{CE47B66D-EA98-4F30-8A99-F6C9BADBD868}"
EndProject
Project("{FAE04EC0-301F-11D3-BF4B-00C04F79EFBC}") = "AssetTracker.Application", "src\AssetTracker.Application\AssetTracker.Application.csproj", "{859E1CC0-58FC-4C37-ACF1-9840E96295F1}"
EndProject
Project("{FAE04EC0-301F-11D3-BF4B-00C04F79EFBC}") = "AssetTracker.Domain", "src\AssetTracker.Domain\AssetTracker.Domain.csproj", "{A7C39099-0DD0-4168-ABAD-A1630D3DC55D}"
EndProject
Project("{FAE04EC0-301F-11D3-BF4B-00C04F79EFBC}") = "AssetTracker.Infrastructure", "src\AssetTracker.Infrastructure\AssetTracker.Infrastructure.csproj", "{C7B679D2-C800-447C-8FBE-4A1785D4D8D3}"
EndProject
Project("{FAE04EC0-301F-11D3-BF4B-00C04F79EFBC}") = "AssetTracker.WebAPI", "src\AssetTracker.WebAPI\AssetTracker.WebAPI.csproj", "{3A3B377D-6A35-422E-9109-487A0E140268}"
EndProject
Project("{2150E333-8FDC-42A3-9474-1A3956D46DE8}") = "tests", "tests", "{F23EA60C-D1DC-44AB-89FA-BE84FDE12F3B}"
EndProject
Project("{FAE04EC0-301F-11D3-BF4B-00C04F79EFBC}") = "AssetTracker.Tests", "tests\AssetTracker.Tests\AssetTracker.Tests.csproj", "{D940D9D0-4017-4BF2-BD11-8E8C78860767}"
EndProject
Global
	GlobalSection(SolutionConfigurationPlatforms) = preSolution
		Debug|Any CPU = Debug|Any CPU
		Release|Any CPU = Release|Any CPU
	EndGlobalSection
	GlobalSection(ProjectConfigurationPlatforms) = postSolution
		{81DDED9D-158B-E303-5F62-77A2896D2A5A}.Debug|Any CPU.ActiveCfg = Debug|Any CPU
		{81DDED9D-158B-E303-5F62-77A2896D2A5A}.Debug|Any CPU.Build.0 = Debug|Any CPU
		{81DDED9D-158B-E303-5F62-77A2896D2A5A}.Release|Any CPU.ActiveCfg = Release|Any CPU
		{81DDED9D-158B-E303-5F62-77A2896D2A5A}.Release|Any CPU.Build.0 = Release|Any CPU
		{859E1CC0-58FC-4C37-ACF1-9840E96295F1}.Debug|Any CPU.ActiveCfg = Debug|Any CPU
		{859E1CC0-58FC-4C37-ACF1-9840E96295F1}.Debug|Any CPU.Build.0 = Debug|Any CPU
		{859E1CC0-58FC-4C37-ACF1-9840E96295F1}.Release|Any CPU.ActiveCfg = Release|Any CPU
		{859E1CC0-58FC-4C37-ACF1-9840E96295F1}.Release|Any CPU.Build.0 = Release|Any CPU
		{A7C39099-0DD0-4168-ABAD-A1630D3DC55D}.Debug|Any CPU.ActiveCfg = Debug|Any CPU
		{A7C39099-0DD0-4168-ABAD-A1630D3DC55D}.Debug|Any CPU.Build.0 = Debug|Any CPU
		{A7C39099-0DD0-4168-ABAD-A1630D3DC55D}.Release|Any CPU.ActiveCfg = Release|Any CPU
		{A7C39099-0DD0-4168-ABAD-A1630D3DC55D}.Release|Any CPU.Build.0 = Release|Any CPU
		{C7B679D2-C800-447C-8FBE-4A1785D4D8D3}.Debug|Any CPU.ActiveCfg = Debug|Any CPU
		{C7B679D2-C800-447C-8FBE-4A1785D4D8D3}.Debug|Any CPU.Build.0 = Debug|Any CPU
		{C7B679D2-C800-447C-8FBE-4A1785D4D8D3}.Release|Any CPU.ActiveCfg = Release|Any CPU
		{C7B679D2-C800-447C-8FBE-4A1785D4D8D3}.Release|Any CPU.Build.0 = Release|Any CPU
		{3A3B377D-6A35-422E-9109-487A0E140268}.Debug|Any CPU.ActiveCfg = Debug|Any CPU
		{3A3B377D-6A35-422E-9109-487A0E140268}.Debug|Any CPU.Build.0 = Debug|Any CPU
		{3A3B377D-6A35-422E-9109-487A0E140268}.Release|Any CPU.ActiveCfg = Release|Any CPU
		{3A3B377D-6A35-422E-9109-487A0E140268}.Release|Any CPU.Build.0 = Release|Any CPU
		{D940D9D0-4017-4BF2-BD11-8E8C78860767}.Debug|Any CPU.ActiveCfg = Debug|Any CPU
		{D940D9D0-4017-4BF2-BD11-8E8C78860767}.Debug|Any CPU.Build.0 = Debug|Any CPU
		{D940D9D0-4017-4BF2-BD11-8E8C78860767}.Release|Any CPU.ActiveCfg = Release|Any CPU
		{D940D9D0-4017-4BF2-BD11-8E8C78860767}.Release|Any CPU.Build.0 = Release|Any CPU
		{485E3DE1-D647-BD96-1022-EA1E7CDE81E7}.Debug|Any CPU.ActiveCfg = Debug|Any CPU
		{485E3DE1-D647-BD96-1022-EA1E7CDE81E7}.Debug|Any CPU.Build.0 = Debug|Any CPU
		{485E3DE1-D647-BD96-1022-EA1E7CDE81E7}.Debug|Any CPU.Deploy.0 = Debug|Any CPU
		{485E3DE1-D647-BD96-1022-EA1E7CDE81E7}.Release|Any CPU.ActiveCfg = Release|Any CPU
		{485E3DE1-D647-BD96-1022-EA1E7CDE81E7}.Release|Any CPU.Build.0 = Release|Any CPU
		{485E3DE1-D647-BD96-1022-EA1E7CDE81E7}.Release|Any CPU.Deploy.0 = Release|Any CPU
	EndGlobalSection
	GlobalSection(SolutionProperties) = preSolution
		HideSolutionNode = FALSE
	EndGlobalSection
	GlobalSection(NestedProjects) = preSolution
		{859E1CC0-58FC-4C37-ACF1-9840E96295F1} = {CE47B66D-EA98-4F30-8A99-F6C9BADBD868}
		{A7C39099-0DD0-4168-ABAD-A1630D3DC55D} = {CE47B66D-EA98-4F30-8A99-F6C9BADBD868}
		{C7B679D2-C800-447C-8FBE-4A1785D4D8D3} = {CE47B66D-EA98-4F30-8A99-F6C9BADBD868}
		{3A3B377D-6A35-422E-9109-487A0E140268} = {CE47B66D-EA98-4F30-8A99-F6C9BADBD868}
		{D940D9D0-4017-4BF2-BD11-8E8C78860767} = {F23EA60C-D1DC-44AB-89FA-BE84FDE12F3B}
		{485E3DE1-D647-BD96-1022-EA1E7CDE81E7} = {36D591C7-65C7-A0D1-1CBC-10CDE441BDC8}
	EndGlobalSection
	GlobalSection(ExtensibilityGlobals) = postSolution
		SolutionGuid = {6FBAE370-86F4-4588-80BC-93C66F8BC4C4}
	EndGlobalSection
EndGlobal
